<Solution>
  <Folder Name="/Host/">
    <Project Path="Src/FinanceTracker.AppHost.ServiceDefaults/FinanceTracker.AppHost.ServiceDefaults.csproj" />
    <Project Path="Src/FinanceTracker.AppHost/FinanceTracker.AppHost.csproj" />
  </Folder>
  <Project Path="Src/FinanceTracker.Infrastructure/FinanceTracker.Infrastructure.csproj" />
  <Folder Name="/Misc/">
    <File Path=".editorconfig" />
    <File Path=".gitignore" />
  </Folder>
  <Folder Name="/Misc/Automation/">
    <File Path=".github\workflows\Build.yml" />
    <File Path=".github\workflows\PublishDockerImages.yml" />
  </Folder>
  <Folder Name="/Misc/Docker/">
    <File Path="Docker\.env" />
    <File Path="Docker\docker-compose.yaml" />
    <File Path="Src\Dockerfile" />
  </Folder>
  <Folder Name="/SourceGenerators/">
    <Project Path="Src/Generators/FinanceTracker.Generated.Attributes/FinanceTracker.Generated.Attributes/FinanceTracker.Generated.Attributes.csproj" />
    <Project Path="Src/Generators/FinanceTracker.Generated.DependencyInjection/FinanceTracker.Generated.DependencyInjection/FinanceTracker.Generated.DependencyInjection.csproj" />
    <Project Path="Src/Generators/FinanceTracker.Generated.Enums/FinanceTracker.Generated.Enums/FinanceTracker.Generated.Enums.csproj" />
    <Project Path="Src\Generators\FinanceTracker.Generated.Shared\FinanceTracker.Generated.Shared.csproj" />
  </Folder>
  <Folder Name="/Tests/">
    <Project Path="Test/FinanceTracker.Infrastructure.Tests\FinanceTracker.Infrastructure.Tests.csproj" />
    <Project Path="Test/FinanceTracker.Tests.Shared/FinanceTracker.Tests.Shared.csproj" />
    <Project Path="Test/FinanceTracker.Tests/FinanceTracker.Tests.csproj" />
  </Folder>
  <Project Path="Src/FinanceTracker.Infrastructure.Migrations/FinanceTracker.Infrastructure.Migrations.csproj" />
  <Project Path="Src/FinanceTracker.Contracts/FinanceTracker.Contracts.csproj" />
  <Project Path="Src/FinanceTracker.Domain/FinanceTracker.Domain.csproj" />
  <Project Path="Src/FinanceTracker/FinanceTracker.csproj" />
</Solution>
